
Microsoft Visual Studio Solution File, Format Version 12.00
# Visual Studio Version 17
VisualStudioVersion = 17.3.32825.248
MinimumVisualStudioVersion = 10.0.40219.1
Project("{FAE04EC0-301F-11D3-BF4B-00C04F79EFBC}") = "Softeng_integration_be", "Softeng_integration_be.csproj", "{53078F1C-AB6D-4D83-BA01-2DD7EA93839B}"
EndProject
Global
	GlobalSection(SolutionConfigurationPlatforms) = preSolution
		Debug|Any CPU = Debug|Any CPU
		Release|Any CPU = Release|Any CPU
	EndGlobalSection
	GlobalSection(ProjectConfigurationPlatforms) = postSolution
		{53078F1C-AB6D-4D83-BA01-2DD7EA93839B}.Debug|Any CPU.ActiveCfg = Debug|Any CPU
		{53078F1C-AB6D-4D83-BA01-2DD7EA93839B}.Debug|Any CPU.Build.0 = Debug|Any CPU
		{53078F1C-AB6D-4D83-BA01-2DD7EA93839B}.Release|Any CPU.ActiveCfg = Release|Any CPU
		{53078F1C-AB6D-4D83-BA01-2DD7EA93839B}.Release|Any CPU.Build.0 = Release|Any CPU
	EndGlobalSection
	GlobalSection(SolutionProperties) = preSolution
		HideSolutionNode = FALSE
	EndGlobalSection
	GlobalSection(ExtensibilityGlobals) = postSolution
		SolutionGuid = {7E7FDC84-1C99-4B06-A298-BE73E20BA3C3}
	EndGlobalSection
EndGlobal
